
Microsoft Visual Studio Solution File, Format Version 12.00
# Visual Studio 15
VisualStudioVersion = 15.0.28307.489
MinimumVisualStudioVersion = 10.0.40219.1
Project("{FAE04EC0-301F-11D3-BF4B-00C04F79EFBC}") = "apCalculadora", "apCalculadora\apCalculadora.csproj", "{84C2C9F9-578A-4424-8E30-E5B0293CD7CB}"
EndProject
Global
	GlobalSection(SolutionConfigurationPlatforms) = preSolution
		Debug|Any CPU = Debug|Any CPU
		Release|Any CPU = Release|Any CPU
	EndGlobalSection
	GlobalSection(ProjectConfigurationPlatforms) = postSolution
		{84C2C9F9-578A-4424-8E30-E5B0293CD7CB}.Debug|Any CPU.ActiveCfg = Debug|Any CPU
		{84C2C9F9-578A-4424-8E30-E5B0293CD7CB}.Debug|Any CPU.Build.0 = Debug|Any CPU
		{84C2C9F9-578A-4424-8E30-E5B0293CD7CB}.Release|Any CPU.ActiveCfg = Release|Any CPU
		{84C2C9F9-578A-4424-8E30-E5B0293CD7CB}.Release|Any CPU.Build.0 = Release|Any CPU
	EndGlobalSection
	GlobalSection(SolutionProperties) = preSolution
		HideSolutionNode = FALSE
	EndGlobalSection
	GlobalSection(ExtensibilityGlobals) = postSolution
		SolutionGuid = {A71AF035-67FD-4154-8CB8-7AE0C4F47EAB}
	EndGlobalSection
EndGlobal
